
Microsoft Visual Studio Solution File, Format Version 12.00
# Visual Studio Version 17
VisualStudioVersion = 17.8.34330.188
MinimumVisualStudioVersion = 10.0.40219.1
Project("{FAE04EC0-301F-11D3-BF4B-00C04F79EFBC}") = "HomeWork9", "HomeWork9\HomeWork9.csproj", "{83FF3535-A4A7-470B-B09E-839FD5CC0223}"
EndProject
Global
	GlobalSection(SolutionConfigurationPlatforms) = preSolution
		Debug|Any CPU = Debug|Any CPU
		Release|Any CPU = Release|Any CPU
	EndGlobalSection
	GlobalSection(ProjectConfigurationPlatforms) = postSolution
		{83FF3535-A4A7-470B-B09E-839FD5CC0223}.Debug|Any CPU.ActiveCfg = Debug|Any CPU
		{83FF3535-A4A7-470B-B09E-839FD5CC0223}.Debug|Any CPU.Build.0 = Debug|Any CPU
		{83FF3535-A4A7-470B-B09E-839FD5CC0223}.Release|Any CPU.ActiveCfg = Release|Any CPU
		{83FF3535-A4A7-470B-B09E-839FD5CC0223}.Release|Any CPU.Build.0 = Release|Any CPU
	EndGlobalSection
	GlobalSection(SolutionProperties) = preSolution
		HideSolutionNode = FALSE
	EndGlobalSection
	GlobalSection(ExtensibilityGlobals) = postSolution
		SolutionGuid = {78E24D92-6BCA-475D-AF00-499D1F2116D3}
	EndGlobalSection
EndGlobal
